
Microsoft Visual Studio Solution File, Format Version 12.00
# Visual Studio Version 16
VisualStudioVersion = 16.0.30204.135
MinimumVisualStudioVersion = 10.0.40219.1
Project("{FAE04EC0-301F-11D3-BF4B-00C04F79EFBC}") = "Threading.AsyncDelegate", "Threading.AsyncDelegate\Threading.AsyncDelegate.csproj", "{3B69B2E4-7C83-4D75-98E6-F15CB36EE7D9}"
EndProject
Global
	GlobalSection(SolutionConfigurationPlatforms) = preSolution
		Debug|Any CPU = Debug|Any CPU
		Release|Any CPU = Release|Any CPU
	EndGlobalSection
	GlobalSection(ProjectConfigurationPlatforms) = postSolution
		{3B69B2E4-7C83-4D75-98E6-F15CB36EE7D9}.Debug|Any CPU.ActiveCfg = Debug|Any CPU
		{3B69B2E4-7C83-4D75-98E6-F15CB36EE7D9}.Debug|Any CPU.Build.0 = Debug|Any CPU
		{3B69B2E4-7C83-4D75-98E6-F15CB36EE7D9}.Release|Any CPU.ActiveCfg = Release|Any CPU
		{3B69B2E4-7C83-4D75-98E6-F15CB36EE7D9}.Release|Any CPU.Build.0 = Release|Any CPU
	EndGlobalSection
	GlobalSection(SolutionProperties) = preSolution
		HideSolutionNode = FALSE
	EndGlobalSection
	GlobalSection(ExtensibilityGlobals) = postSolution
		SolutionGuid = {9F5CC59A-6D25-4086-B847-E2F22BB02213}
	EndGlobalSection
EndGlobal
